
Microsoft Visual Studio Solution File, Format Version 12.00
# Visual Studio 15
Project("{FAE04EC0-301F-11D3-BF4B-00C04F79EFBC}") = "lib1", "lib1\lib1.csproj", "{A7F61689-4D6A-4B2E-9522-F292768AD494}"
EndProject
Project("{FAE04EC0-301F-11D3-BF4B-00C04F79EFBC}") = "lib2", "lib2\lib2.csproj", "{B15528E6-C30C-4A73-89BF-12CFAA1F43E8}"
EndProject
Project("{FAE04EC0-301F-11D3-BF4B-00C04F79EFBC}") = "lib3", "lib3\lib3.csproj", "{5893A653-558C-4B7F-96DD-DBE667C3CBD7}"
EndProject
Project("{FAE04EC0-301F-11D3-BF4B-00C04F79EFBC}") = "lib4", "lib4\lib4.csproj", "{BDE41EE8-6805-4C7F-8F50-C9C641235717}"
EndProject
Project("{FAE04EC0-301F-11D3-BF4B-00C04F79EFBC}") = "lib5", "lib5\lib5.csproj", "{F45C2BC7-92AB-4B37-94D9-1BD86424BA99}"
EndProject
Project("{FAE04EC0-301F-11D3-BF4B-00C04F79EFBC}") = "lib6", "lib6\lib6.csproj", "{66B2E257-37C1-485A-9C95-B0EBC3574756}"
EndProject
Project("{FAE04EC0-301F-11D3-BF4B-00C04F79EFBC}") = "lib7", "lib7\lib7.csproj", "{3CEDB9BC-0C95-4B75-B305-E83BC1A7C89E}"
EndProject
Project("{FAE04EC0-301F-11D3-BF4B-00C04F79EFBC}") = "lib8", "lib8\lib8.csproj", "{03872CD7-4AE8-4C48-A780-20CC18FD2435}"
EndProject
Project("{FAE04EC0-301F-11D3-BF4B-00C04F79EFBC}") = "lib9", "lib9\lib9.csproj", "{49DCA7E4-BD61-4611-95F5-461256F0D855}"
EndProject
Project("{FAE04EC0-301F-11D3-BF4B-00C04F79EFBC}") = "lib10", "lib10\lib10.csproj", "{DA1AB149-1AC3-4423-B165-3C9032A16B2A}"
EndProject
Global
	GlobalSection(SolutionConfigurationPlatforms) = preSolution
		Debug|Any CPU = Debug|Any CPU
		Release|Any CPU = Release|Any CPU
	EndGlobalSection
	GlobalSection(ProjectConfigurationPlatforms) = postSolution
		{B15528E6-C30C-4A73-89BF-12CFAA1F43E8}.Debug|Any CPU.ActiveCfg = Debug|Any CPU
		{B15528E6-C30C-4A73-89BF-12CFAA1F43E8}.Debug|Any CPU.Build.0 = Debug|Any CPU
		{B15528E6-C30C-4A73-89BF-12CFAA1F43E8}.Release|Any CPU.ActiveCfg = Release|Any CPU
		{B15528E6-C30C-4A73-89BF-12CFAA1F43E8}.Release|Any CPU.Build.0 = Release|Any CPU
		{5893A653-558C-4B7F-96DD-DBE667C3CBD7}.Debug|Any CPU.ActiveCfg = Debug|Any CPU
		{5893A653-558C-4B7F-96DD-DBE667C3CBD7}.Debug|Any CPU.Build.0 = Debug|Any CPU
		{5893A653-558C-4B7F-96DD-DBE667C3CBD7}.Release|Any CPU.ActiveCfg = Release|Any CPU
		{5893A653-558C-4B7F-96DD-DBE667C3CBD7}.Release|Any CPU.Build.0 = Release|Any CPU
		{BDE41EE8-6805-4C7F-8F50-C9C641235717}.Debug|Any CPU.ActiveCfg = Debug|Any CPU
		{BDE41EE8-6805-4C7F-8F50-C9C641235717}.Debug|Any CPU.Build.0 = Debug|Any CPU
		{BDE41EE8-6805-4C7F-8F50-C9C641235717}.Release|Any CPU.ActiveCfg = Release|Any CPU
		{BDE41EE8-6805-4C7F-8F50-C9C641235717}.Release|Any CPU.Build.0 = Release|Any CPU
		{F45C2BC7-92AB-4B37-94D9-1BD86424BA99}.Debug|Any CPU.ActiveCfg = Debug|Any CPU
		{F45C2BC7-92AB-4B37-94D9-1BD86424BA99}.Debug|Any CPU.Build.0 = Debug|Any CPU
		{F45C2BC7-92AB-4B37-94D9-1BD86424BA99}.Release|Any CPU.ActiveCfg = Release|Any CPU
		{F45C2BC7-92AB-4B37-94D9-1BD86424BA99}.Release|Any CPU.Build.0 = Release|Any CPU
		{66B2E257-37C1-485A-9C95-B0EBC3574756}.Debug|Any CPU.ActiveCfg = Debug|Any CPU
		{66B2E257-37C1-485A-9C95-B0EBC3574756}.Debug|Any CPU.Build.0 = Debug|Any CPU
		{66B2E257-37C1-485A-9C95-B0EBC3574756}.Release|Any CPU.ActiveCfg = Release|Any CPU
		{66B2E257-37C1-485A-9C95-B0EBC3574756}.Release|Any CPU.Build.0 = Release|Any CPU
		{3CEDB9BC-0C95-4B75-B305-E83BC1A7C89E}.Debug|Any CPU.ActiveCfg = Debug|Any CPU
		{3CEDB9BC-0C95-4B75-B305-E83BC1A7C89E}.Debug|Any CPU.Build.0 = Debug|Any CPU
		{3CEDB9BC-0C95-4B75-B305-E83BC1A7C89E}.Release|Any CPU.ActiveCfg = Release|Any CPU
		{3CEDB9BC-0C95-4B75-B305-E83BC1A7C89E}.Release|Any CPU.Build.0 = Release|Any CPU
		{03872CD7-4AE8-4C48-A780-20CC18FD2435}.Debug|Any CPU.ActiveCfg = Debug|Any CPU
		{03872CD7-4AE8-4C48-A780-20CC18FD2435}.Debug|Any CPU.Build.0 = Debug|Any CPU
		{03872CD7-4AE8-4C48-A780-20CC18FD2435}.Release|Any CPU.ActiveCfg = Release|Any CPU
		{03872CD7-4AE8-4C48-A780-20CC18FD2435}.Release|Any CPU.Build.0 = Release|Any CPU
		{49DCA7E4-BD61-4611-95F5-461256F0D855}.Debug|Any CPU.ActiveCfg = Debug|Any CPU
		{49DCA7E4-BD61-4611-95F5-461256F0D855}.Debug|Any CPU.Build.0 = Debug|Any CPU
		{49DCA7E4-BD61-4611-95F5-461256F0D855}.Release|Any CPU.ActiveCfg = Release|Any CPU
		{49DCA7E4-BD61-4611-95F5-461256F0D855}.Release|Any CPU.Build.0 = Release|Any CPU
		{DA1AB149-1AC3-4423-B165-3C9032A16B2A}.Debug|Any CPU.ActiveCfg = Debug|Any CPU
		{DA1AB149-1AC3-4423-B165-3C9032A16B2A}.Debug|Any CPU.Build.0 = Debug|Any CPU
		{DA1AB149-1AC3-4423-B165-3C9032A16B2A}.Release|Any CPU.ActiveCfg = Release|Any CPU
		{DA1AB149-1AC3-4423-B165-3C9032A16B2A}.Release|Any CPU.Build.0 = Release|Any CPU
		{A7F61689-4D6A-4B2E-9522-F292768AD494}.Debug|Any CPU.ActiveCfg = Debug|Any CPU
		{A7F61689-4D6A-4B2E-9522-F292768AD494}.Debug|Any CPU.Build.0 = Debug|Any CPU
		{A7F61689-4D6A-4B2E-9522-F292768AD494}.Release|Any CPU.ActiveCfg = Release|Any CPU
		{A7F61689-4D6A-4B2E-9522-F292768AD494}.Release|Any CPU.Build.0 = Release|Any CPU
	EndGlobalSection
EndGlobal
